// !$*UTF8*$!
{
	archiveVersion = 1;
	classes = {
	};
	objectVersion = 56;
	objects = {

/* Begin PBXBuildFile section */
		8734BA2F2B6F92D600764B71 /* WebViewControllerDelegate.swift in Sources */ = {isa = PBXBuildFile; fileRef = 8734BA2E2B6F92D600764B71 /* WebViewControllerDelegate.swift */; };
		8734BA312B6FE99400764B71 /* OAuth2Servive.swift in Sources */ = {isa = PBXBuildFile; fileRef = 8734BA302B6FE99400764B71 /* OAuth2Servive.swift */; };
		8734BA332B6FFDB900764B71 /* OAuth2TokenStorage.swift in Sources */ = {isa = PBXBuildFile; fileRef = 8734BA322B6FFDB900764B71 /* OAuth2TokenStorage.swift */; };
		8734BA362B70113900764B71 /* SplashViewController.swift in Sources */ = {isa = PBXBuildFile; fileRef = 8734BA352B70113800764B71 /* SplashViewController.swift */; };
		8734BA382B70189600764B71 /* AuthViewControllerDelegate.swift in Sources */ = {isa = PBXBuildFile; fileRef = 8734BA372B70189600764B71 /* AuthViewControllerDelegate.swift */; };
		873C76312B6EA0E800B62A93 /* Constants.swift in Sources */ = {isa = PBXBuildFile; fileRef = 873C76302B6EA0E800B62A93 /* Constants.swift */; };
		873C76342B6EBEF200B62A93 /* AuthViewController.swift in Sources */ = {isa = PBXBuildFile; fileRef = 873C76332B6EBEF200B62A93 /* AuthViewController.swift */; };
		873C76362B6EC93100B62A93 /* UIColor.swift in Sources */ = {isa = PBXBuildFile; fileRef = 873C76352B6EC93100B62A93 /* UIColor.swift */; };
		873C76382B6ED24A00B62A93 /* WebViewController.swift in Sources */ = {isa = PBXBuildFile; fileRef = 873C76372B6ED24A00B62A93 /* WebViewController.swift */; };
		8788BDF22B62805400722EF5 /* SingleImageViewController.swift in Sources */ = {isa = PBXBuildFile; fileRef = 8788BDF12B62805400722EF5 /* SingleImageViewController.swift */; };
		8791DD0B2B5BEC4D003E8A0C /* ProfileViewController.swift in Sources */ = {isa = PBXBuildFile; fileRef = 8791DD0A2B5BEC4D003E8A0C /* ProfileViewController.swift */; };
		8791DD112B5C1B08003E8A0C /* YSDisplay-Medium.ttf in Resources */ = {isa = PBXBuildFile; fileRef = 8791DD0F2B5C1B08003E8A0C /* YSDisplay-Medium.ttf */; };
		8791DD122B5C1B08003E8A0C /* YSDisplay-Bold.ttf in Resources */ = {isa = PBXBuildFile; fileRef = 8791DD102B5C1B08003E8A0C /* YSDisplay-Bold.ttf */; };
		879E256F2B7FCEEA0065C4C6 /* ProgressHUD in Frameworks */ = {isa = PBXBuildFile; productRef = 879E256E2B7FCEEA0065C4C6 /* ProgressHUD */; };
		879E25712B8276D70065C4C6 /* UIBlockingProgressHUD.swift in Sources */ = {isa = PBXBuildFile; fileRef = 879E25702B8276D60065C4C6 /* UIBlockingProgressHUD.swift */; };
		879E25742B827FD00065C4C6 /* ProfileService.swift in Sources */ = {isa = PBXBuildFile; fileRef = 879E25732B827FD00065C4C6 /* ProfileService.swift */; };
		879E25762B8A9A730065C4C6 /* ProfileModels.swift in Sources */ = {isa = PBXBuildFile; fileRef = 879E25752B8A9A730065C4C6 /* ProfileModels.swift */; };
		879E257B2B8BD8670065C4C6 /* ProfileImageService.swift in Sources */ = {isa = PBXBuildFile; fileRef = 879E257A2B8BD8670065C4C6 /* ProfileImageService.swift */; };
		879E257D2B8BD9300065C4C6 /* ProfileImage Model.swift in Sources */ = {isa = PBXBuildFile; fileRef = 879E257C2B8BD9300065C4C6 /* ProfileImage Model.swift */; };
		87B14C0F2B72C39800433B46 /* enum networkError.swift in Sources */ = {isa = PBXBuildFile; fileRef = 87B14C0E2B72C39800433B46 /* enum networkError.swift */; };
		87B14C112B72CA8F00433B46 /* URL request + Extensions.swift in Sources */ = {isa = PBXBuildFile; fileRef = 87B14C102B72CA8F00433B46 /* URL request + Extensions.swift */; };
		87EFD2D82B418A1C00735931 /* AppDelegate.swift in Sources */ = {isa = PBXBuildFile; fileRef = 87EFD2D72B418A1C00735931 /* AppDelegate.swift */; };
		87EFD2DA2B418A1C00735931 /* SceneDelegate.swift in Sources */ = {isa = PBXBuildFile; fileRef = 87EFD2D92B418A1C00735931 /* SceneDelegate.swift */; };
		87EFD2DC2B418A1C00735931 /* ImagesListViewController.swift in Sources */ = {isa = PBXBuildFile; fileRef = 87EFD2DB2B418A1C00735931 /* ImagesListViewController.swift */; };
		87EFD2DF2B418A1C00735931 /* Main.storyboard in Resources */ = {isa = PBXBuildFile; fileRef = 87EFD2DD2B418A1C00735931 /* Main.storyboard */; };
		87EFD2E12B418A1D00735931 /* Assets.xcassets in Resources */ = {isa = PBXBuildFile; fileRef = 87EFD2E02B418A1D00735931 /* Assets.xcassets */; };
		87EFD2E42B418A1D00735931 /* LaunchScreen.storyboard in Resources */ = {isa = PBXBuildFile; fileRef = 87EFD2E22B418A1D00735931 /* LaunchScreen.storyboard */; };
		87EFD2EF2B418A1E00735931 /* setupProjectTests.swift in Sources */ = {isa = PBXBuildFile; fileRef = 87EFD2EE2B418A1E00735931 /* setupProjectTests.swift */; };
		87EFD2F92B418A1E00735931 /* setupProjectUITests.swift in Sources */ = {isa = PBXBuildFile; fileRef = 87EFD2F82B418A1E00735931 /* setupProjectUITests.swift */; };
		87EFD2FB2B418A1E00735931 /* setupProjectUITestsLaunchTests.swift in Sources */ = {isa = PBXBuildFile; fileRef = 87EFD2FA2B418A1E00735931 /* setupProjectUITestsLaunchTests.swift */; };
		87F6C8C22B93C538009C8531 /* URLSession extension.swift in Sources */ = {isa = PBXBuildFile; fileRef = 87F6C8C12B93C538009C8531 /* URLSession extension.swift */; };
		87F6C8C52B94B67D009C8531 /* AlertPresenter.swift in Sources */ = {isa = PBXBuildFile; fileRef = 87F6C8C42B94B67D009C8531 /* AlertPresenter.swift */; };
		87FB44142B4C14C700A8338B /* ImageListCell.swift in Sources */ = {isa = PBXBuildFile; fileRef = 87FB44132B4C14C700A8338B /* ImageListCell.swift */; };
/* End PBXBuildFile section */

/* Begin PBXContainerItemProxy section */
		87EFD2EB2B418A1E00735931 /* PBXContainerItemProxy */ = {
			isa = PBXContainerItemProxy;
			containerPortal = 87EFD2CC2B418A1C00735931 /* Project object */;
			proxyType = 1;
			remoteGlobalIDString = 87EFD2D32B418A1C00735931;
			remoteInfo = setupProject;
		};
		87EFD2F52B418A1E00735931 /* PBXContainerItemProxy */ = {
			isa = PBXContainerItemProxy;
			containerPortal = 87EFD2CC2B418A1C00735931 /* Project object */;
			proxyType = 1;
			remoteGlobalIDString = 87EFD2D32B418A1C00735931;
			remoteInfo = setupProject;
		};
/* End PBXContainerItemProxy section */

/* Begin PBXFileReference section */
		8734BA2E2B6F92D600764B71 /* WebViewControllerDelegate.swift */ = {isa = PBXFileReference; lastKnownFileType = sourcecode.swift; path = WebViewControllerDelegate.swift; sourceTree = "<group>"; };
		8734BA302B6FE99400764B71 /* OAuth2Servive.swift */ = {isa = PBXFileReference; lastKnownFileType = sourcecode.swift; path = OAuth2Servive.swift; sourceTree = "<group>"; };
		8734BA322B6FFDB900764B71 /* OAuth2TokenStorage.swift */ = {isa = PBXFileReference; lastKnownFileType = sourcecode.swift; path = OAuth2TokenStorage.swift; sourceTree = "<group>"; };
		8734BA352B70113800764B71 /* SplashViewController.swift */ = {isa = PBXFileReference; lastKnownFileType = sourcecode.swift; path = SplashViewController.swift; sourceTree = "<group>"; };
		8734BA372B70189600764B71 /* AuthViewControllerDelegate.swift */ = {isa = PBXFileReference; lastKnownFileType = sourcecode.swift; path = AuthViewControllerDelegate.swift; sourceTree = "<group>"; };
		873C76302B6EA0E800B62A93 /* Constants.swift */ = {isa = PBXFileReference; lastKnownFileType = sourcecode.swift; path = Constants.swift; sourceTree = "<group>"; };
		873C76332B6EBEF200B62A93 /* AuthViewController.swift */ = {isa = PBXFileReference; lastKnownFileType = sourcecode.swift; path = AuthViewController.swift; sourceTree = "<group>"; };
		873C76352B6EC93100B62A93 /* UIColor.swift */ = {isa = PBXFileReference; lastKnownFileType = sourcecode.swift; path = UIColor.swift; sourceTree = "<group>"; };
		873C76372B6ED24A00B62A93 /* WebViewController.swift */ = {isa = PBXFileReference; lastKnownFileType = sourcecode.swift; path = WebViewController.swift; sourceTree = "<group>"; };
		8788BDF12B62805400722EF5 /* SingleImageViewController.swift */ = {isa = PBXFileReference; lastKnownFileType = sourcecode.swift; path = SingleImageViewController.swift; sourceTree = "<group>"; };
		8791DD0A2B5BEC4D003E8A0C /* ProfileViewController.swift */ = {isa = PBXFileReference; lastKnownFileType = sourcecode.swift; path = ProfileViewController.swift; sourceTree = "<group>"; };
		8791DD0F2B5C1B08003E8A0C /* YSDisplay-Medium.ttf */ = {isa = PBXFileReference; lastKnownFileType = file; path = "YSDisplay-Medium.ttf"; sourceTree = "<group>"; };
		8791DD102B5C1B08003E8A0C /* YSDisplay-Bold.ttf */ = {isa = PBXFileReference; lastKnownFileType = file; path = "YSDisplay-Bold.ttf"; sourceTree = "<group>"; };
		879E25702B8276D60065C4C6 /* UIBlockingProgressHUD.swift */ = {isa = PBXFileReference; lastKnownFileType = sourcecode.swift; path = UIBlockingProgressHUD.swift; sourceTree = "<group>"; };
		879E25732B827FD00065C4C6 /* ProfileService.swift */ = {isa = PBXFileReference; lastKnownFileType = sourcecode.swift; path = ProfileService.swift; sourceTree = "<group>"; };
		879E25752B8A9A730065C4C6 /* ProfileModels.swift */ = {isa = PBXFileReference; lastKnownFileType = sourcecode.swift; path = ProfileModels.swift; sourceTree = "<group>"; };
		879E257A2B8BD8670065C4C6 /* ProfileImageService.swift */ = {isa = PBXFileReference; lastKnownFileType = sourcecode.swift; path = ProfileImageService.swift; sourceTree = "<group>"; };
		879E257C2B8BD9300065C4C6 /* ProfileImage Model.swift */ = {isa = PBXFileReference; lastKnownFileType = sourcecode.swift; path = "ProfileImage Model.swift"; sourceTree = "<group>"; };
		87B14C0E2B72C39800433B46 /* enum networkError.swift */ = {isa = PBXFileReference; lastKnownFileType = sourcecode.swift; path = "enum networkError.swift"; sourceTree = "<group>"; };
		87B14C102B72CA8F00433B46 /* URL request + Extensions.swift */ = {isa = PBXFileReference; lastKnownFileType = sourcecode.swift; path = "URL request + Extensions.swift"; sourceTree = "<group>"; };
		87EFD2D42B418A1C00735931 /* imageFeed.app */ = {isa = PBXFileReference; explicitFileType = wrapper.application; includeInIndex = 0; path = imageFeed.app; sourceTree = BUILT_PRODUCTS_DIR; };
		87EFD2D72B418A1C00735931 /* AppDelegate.swift */ = {isa = PBXFileReference; lastKnownFileType = sourcecode.swift; path = AppDelegate.swift; sourceTree = "<group>"; };
		87EFD2D92B418A1C00735931 /* SceneDelegate.swift */ = {isa = PBXFileReference; lastKnownFileType = sourcecode.swift; path = SceneDelegate.swift; sourceTree = "<group>"; };
		87EFD2DB2B418A1C00735931 /* ImagesListViewController.swift */ = {isa = PBXFileReference; lastKnownFileType = sourcecode.swift; path = ImagesListViewController.swift; sourceTree = "<group>"; };
		87EFD2DE2B418A1C00735931 /* Base */ = {isa = PBXFileReference; lastKnownFileType = file.storyboard; name = Base; path = Base.lproj/Main.storyboard; sourceTree = "<group>"; };
		87EFD2E02B418A1D00735931 /* Assets.xcassets */ = {isa = PBXFileReference; lastKnownFileType = folder.assetcatalog; path = Assets.xcassets; sourceTree = "<group>"; };
		87EFD2E32B418A1D00735931 /* Base */ = {isa = PBXFileReference; lastKnownFileType = file.storyboard; name = Base; path = Base.lproj/LaunchScreen.storyboard; sourceTree = "<group>"; };
		87EFD2E52B418A1D00735931 /* Info.plist */ = {isa = PBXFileReference; lastKnownFileType = text.plist.xml; path = Info.plist; sourceTree = "<group>"; };
		87EFD2EA2B418A1E00735931 /* imageFeedTests.xctest */ = {isa = PBXFileReference; explicitFileType = wrapper.cfbundle; includeInIndex = 0; path = imageFeedTests.xctest; sourceTree = BUILT_PRODUCTS_DIR; };
		87EFD2EE2B418A1E00735931 /* setupProjectTests.swift */ = {isa = PBXFileReference; lastKnownFileType = sourcecode.swift; path = setupProjectTests.swift; sourceTree = "<group>"; };
		87EFD2F42B418A1E00735931 /* imageFeedUITests.xctest */ = {isa = PBXFileReference; explicitFileType = wrapper.cfbundle; includeInIndex = 0; path = imageFeedUITests.xctest; sourceTree = BUILT_PRODUCTS_DIR; };
		87EFD2F82B418A1E00735931 /* setupProjectUITests.swift */ = {isa = PBXFileReference; lastKnownFileType = sourcecode.swift; path = setupProjectUITests.swift; sourceTree = "<group>"; };
		87EFD2FA2B418A1E00735931 /* setupProjectUITestsLaunchTests.swift */ = {isa = PBXFileReference; lastKnownFileType = sourcecode.swift; path = setupProjectUITestsLaunchTests.swift; sourceTree = "<group>"; };
		87F6C8C12B93C538009C8531 /* URLSession extension.swift */ = {isa = PBXFileReference; lastKnownFileType = sourcecode.swift; path = "URLSession extension.swift"; sourceTree = "<group>"; };
		87F6C8C42B94B67D009C8531 /* AlertPresenter.swift */ = {isa = PBXFileReference; lastKnownFileType = sourcecode.swift; path = AlertPresenter.swift; sourceTree = "<group>"; };
		87FB44132B4C14C700A8338B /* ImageListCell.swift */ = {isa = PBXFileReference; lastKnownFileType = sourcecode.swift; path = ImageListCell.swift; sourceTree = "<group>"; };
/* End PBXFileReference section */

/* Begin PBXFrameworksBuildPhase section */
		87EFD2D12B418A1C00735931 /* Frameworks */ = {
			isa = PBXFrameworksBuildPhase;
			buildActionMask = 2147483647;
			files = (
				879E256F2B7FCEEA0065C4C6 /* ProgressHUD in Frameworks */,
			);
			runOnlyForDeploymentPostprocessing = 0;
		};
		87EFD2E72B418A1E00735931 /* Frameworks */ = {
			isa = PBXFrameworksBuildPhase;
			buildActionMask = 2147483647;
			files = (
			);
			runOnlyForDeploymentPostprocessing = 0;
		};
		87EFD2F12B418A1E00735931 /* Frameworks */ = {
			isa = PBXFrameworksBuildPhase;
			buildActionMask = 2147483647;
			files = (
			);
			runOnlyForDeploymentPostprocessing = 0;
		};
/* End PBXFrameworksBuildPhase section */

/* Begin PBXGroup section */
		8734BA342B70111800764B71 /* SplashViewController */ = {
			isa = PBXGroup;
			children = (
				8734BA352B70113800764B71 /* SplashViewController.swift */,
			);
			path = SplashViewController;
			sourceTree = "<group>";
		};
		873C76322B6EBAC700B62A93 /* Auth */ = {
			isa = PBXGroup;
			children = (
				873C76332B6EBEF200B62A93 /* AuthViewController.swift */,
				873C76372B6ED24A00B62A93 /* WebViewController.swift */,
				8734BA2E2B6F92D600764B71 /* WebViewControllerDelegate.swift */,
				8734BA302B6FE99400764B71 /* OAuth2Servive.swift */,
				8734BA322B6FFDB900764B71 /* OAuth2TokenStorage.swift */,
				8734BA372B70189600764B71 /* AuthViewControllerDelegate.swift */,
				87B14C0E2B72C39800433B46 /* enum networkError.swift */,
				87B14C102B72CA8F00433B46 /* URL request + Extensions.swift */,
				879E25702B8276D60065C4C6 /* UIBlockingProgressHUD.swift */,
				87F6C8C12B93C538009C8531 /* URLSession extension.swift */,
			);
			path = Auth;
			sourceTree = "<group>";
		};
		8788BDF02B62803600722EF5 /* SingleImageViewController */ = {
			isa = PBXGroup;
			children = (
				8788BDF12B62805400722EF5 /* SingleImageViewController.swift */,
			);
			path = SingleImageViewController;
			sourceTree = "<group>";
		};
		8791DD092B5BEC2D003E8A0C /* ProfileView */ = {
			isa = PBXGroup;
			children = (
				8791DD0A2B5BEC4D003E8A0C /* ProfileViewController.swift */,
			);
			path = ProfileView;
			sourceTree = "<group>";
		};
		8791DD0C2B5C1A2A003E8A0C /* Resources */ = {
			isa = PBXGroup;
			children = (
				8791DD0D2B5C1B08003E8A0C /* Fonts */,
				87EFD2E52B418A1D00735931 /* Info.plist */,
				87EFD2E22B418A1D00735931 /* LaunchScreen.storyboard */,
				87EFD2DD2B418A1C00735931 /* Main.storyboard */,
				87EFD2E02B418A1D00735931 /* Assets.xcassets */,
				873C76352B6EC93100B62A93 /* UIColor.swift */,
			);
			name = Resources;
			sourceTree = "<group>";
		};
		8791DD0D2B5C1B08003E8A0C /* Fonts */ = {
			isa = PBXGroup;
			children = (
				8791DD0E2B5C1B08003E8A0C /* MovieQuizFonts */,
			);
			path = Fonts;
			sourceTree = "<group>";
		};
		8791DD0E2B5C1B08003E8A0C /* MovieQuizFonts */ = {
			isa = PBXGroup;
			children = (
				8791DD0F2B5C1B08003E8A0C /* YSDisplay-Medium.ttf */,
				8791DD102B5C1B08003E8A0C /* YSDisplay-Bold.ttf */,
			);
			path = MovieQuizFonts;
			sourceTree = "<group>";
		};
		879E25722B827FB50065C4C6 /* ProfileServices */ = {
			isa = PBXGroup;
			children = (
				879E25732B827FD00065C4C6 /* ProfileService.swift */,
				879E25752B8A9A730065C4C6 /* ProfileModels.swift */,
				879E257A2B8BD8670065C4C6 /* ProfileImageService.swift */,
				879E257C2B8BD9300065C4C6 /* ProfileImage Model.swift */,
			);
			path = ProfileServices;
			sourceTree = "<group>";
		};
		87EFD2CB2B418A1C00735931 = {
			isa = PBXGroup;
			children = (
				87EFD2D62B418A1C00735931 /* imageFeed */,
				87EFD2ED2B418A1E00735931 /* setupProjectTests */,
				87EFD2F72B418A1E00735931 /* setupProjectUITests */,
				87EFD2D52B418A1C00735931 /* Products */,
			);
			sourceTree = "<group>";
		};
		87EFD2D52B418A1C00735931 /* Products */ = {
			isa = PBXGroup;
			children = (
				87EFD2D42B418A1C00735931 /* imageFeed.app */,
				87EFD2EA2B418A1E00735931 /* imageFeedTests.xctest */,
				87EFD2F42B418A1E00735931 /* imageFeedUITests.xctest */,
			);
			name = Products;
			sourceTree = "<group>";
		};
		87EFD2D62B418A1C00735931 /* imageFeed */ = {
			isa = PBXGroup;
			children = (
				87F6C8C32B94B651009C8531 /* AlertPresenter */,
				87F6C8802B8FCCEA009C8531 /* Profile */,
				8734BA342B70111800764B71 /* SplashViewController */,
				873C76322B6EBAC700B62A93 /* Auth */,
				8788BDF02B62803600722EF5 /* SingleImageViewController */,
				8791DD0C2B5C1A2A003E8A0C /* Resources */,
				87FB44162B4C156500A8338B /* ImageList */,
				87EFD2D72B418A1C00735931 /* AppDelegate.swift */,
				87EFD2D92B418A1C00735931 /* SceneDelegate.swift */,
				873C76302B6EA0E800B62A93 /* Constants.swift */,
			);
			path = imageFeed;
			sourceTree = "<group>";
		};
		87EFD2ED2B418A1E00735931 /* setupProjectTests */ = {
			isa = PBXGroup;
			children = (
				87EFD2EE2B418A1E00735931 /* setupProjectTests.swift */,
			);
			path = setupProjectTests;
			sourceTree = "<group>";
		};
		87EFD2F72B418A1E00735931 /* setupProjectUITests */ = {
			isa = PBXGroup;
			children = (
				87EFD2F82B418A1E00735931 /* setupProjectUITests.swift */,
				87EFD2FA2B418A1E00735931 /* setupProjectUITestsLaunchTests.swift */,
			);
			path = setupProjectUITests;
			sourceTree = "<group>";
		};
		87F6C8802B8FCCEA009C8531 /* Profile */ = {
			isa = PBXGroup;
			children = (
				8791DD092B5BEC2D003E8A0C /* ProfileView */,
				879E25722B827FB50065C4C6 /* ProfileServices */,
			);
			path = Profile;
			sourceTree = "<group>";
		};
		87F6C8C32B94B651009C8531 /* AlertPresenter */ = {
			isa = PBXGroup;
			children = (
				87F6C8C42B94B67D009C8531 /* AlertPresenter.swift */,
			);
			path = AlertPresenter;
			sourceTree = "<group>";
		};
		87FB44162B4C156500A8338B /* ImageList */ = {
			isa = PBXGroup;
			children = (
				87EFD2DB2B418A1C00735931 /* ImagesListViewController.swift */,
				87FB44132B4C14C700A8338B /* ImageListCell.swift */,
			);
			name = ImageList;
			sourceTree = "<group>";
		};
/* End PBXGroup section */

/* Begin PBXNativeTarget section */
		87EFD2D32B418A1C00735931 /* imageFeed */ = {
			isa = PBXNativeTarget;
			buildConfigurationList = 87EFD2FE2B418A1E00735931 /* Build configuration list for PBXNativeTarget "imageFeed" */;
			buildPhases = (
				87EFD2D02B418A1C00735931 /* Sources */,
				87EFD2D12B418A1C00735931 /* Frameworks */,
				87EFD2D22B418A1C00735931 /* Resources */,
			);
			buildRules = (
			);
			dependencies = (
			);
			name = imageFeed;
			packageProductDependencies = (
				879E256E2B7FCEEA0065C4C6 /* ProgressHUD */,
			);
			productName = setupProject;
			productReference = 87EFD2D42B418A1C00735931 /* imageFeed.app */;
			productType = "com.apple.product-type.application";
		};
		87EFD2E92B418A1E00735931 /* imageFeedTests */ = {
			isa = PBXNativeTarget;
			buildConfigurationList = 87EFD3012B418A1E00735931 /* Build configuration list for PBXNativeTarget "imageFeedTests" */;
			buildPhases = (
				87EFD2E62B418A1E00735931 /* Sources */,
				87EFD2E72B418A1E00735931 /* Frameworks */,
				87EFD2E82B418A1E00735931 /* Resources */,
			);
			buildRules = (
			);
			dependencies = (
				87EFD2EC2B418A1E00735931 /* PBXTargetDependency */,
			);
			name = imageFeedTests;
			productName = setupProjectTests;
			productReference = 87EFD2EA2B418A1E00735931 /* imageFeedTests.xctest */;
			productType = "com.apple.product-type.bundle.unit-test";
		};
		87EFD2F32B418A1E00735931 /* imageFeedUITests */ = {
			isa = PBXNativeTarget;
			buildConfigurationList = 87EFD3042B418A1E00735931 /* Build configuration list for PBXNativeTarget "imageFeedUITests" */;
			buildPhases = (
				87EFD2F02B418A1E00735931 /* Sources */,
				87EFD2F12B418A1E00735931 /* Frameworks */,
				87EFD2F22B418A1E00735931 /* Resources */,
			);
			buildRules = (
			);
			dependencies = (
				87EFD2F62B418A1E00735931 /* PBXTargetDependency */,
			);
			name = imageFeedUITests;
			productName = setupProjectUITests;
			productReference = 87EFD2F42B418A1E00735931 /* imageFeedUITests.xctest */;
			productType = "com.apple.product-type.bundle.ui-testing";
		};
/* End PBXNativeTarget section */

/* Begin PBXProject section */
		87EFD2CC2B418A1C00735931 /* Project object */ = {
			isa = PBXProject;
			attributes = {
				BuildIndependentTargetsInParallel = 1;
				LastSwiftUpdateCheck = 1430;
				LastUpgradeCheck = 1430;
				TargetAttributes = {
					87EFD2D32B418A1C00735931 = {
						CreatedOnToolsVersion = 14.3.1;
					};
					87EFD2E92B418A1E00735931 = {
						CreatedOnToolsVersion = 14.3.1;
						TestTargetID = 87EFD2D32B418A1C00735931;
					};
					87EFD2F32B418A1E00735931 = {
						CreatedOnToolsVersion = 14.3.1;
						TestTargetID = 87EFD2D32B418A1C00735931;
					};
				};
			};
			buildConfigurationList = 87EFD2CF2B418A1C00735931 /* Build configuration list for PBXProject "imageFeed" */;
			compatibilityVersion = "Xcode 14.0";
			developmentRegion = en;
			hasScannedForEncodings = 0;
			knownRegions = (
				en,
				Base,
			);
			mainGroup = 87EFD2CB2B418A1C00735931;
			packageReferences = (
				879E256D2B7FCEEA0065C4C6 /* XCRemoteSwiftPackageReference "ProgressHUD" */,
			);
			productRefGroup = 87EFD2D52B418A1C00735931 /* Products */;
			projectDirPath = "";
			projectRoot = "";
			targets = (
				87EFD2D32B418A1C00735931 /* imageFeed */,
				87EFD2E92B418A1E00735931 /* imageFeedTests */,
				87EFD2F32B418A1E00735931 /* imageFeedUITests */,
			);
		};
/* End PBXProject section */

/* Begin PBXResourcesBuildPhase section */
		87EFD2D22B418A1C00735931 /* Resources */ = {
			isa = PBXResourcesBuildPhase;
			buildActionMask = 2147483647;
			files = (
				8791DD112B5C1B08003E8A0C /* YSDisplay-Medium.ttf in Resources */,
				87EFD2E42B418A1D00735931 /* LaunchScreen.storyboard in Resources */,
				87EFD2E12B418A1D00735931 /* Assets.xcassets in Resources */,
				87EFD2DF2B418A1C00735931 /* Main.storyboard in Resources */,
				8791DD122B5C1B08003E8A0C /* YSDisplay-Bold.ttf in Resources */,
			);
			runOnlyForDeploymentPostprocessing = 0;
		};
		87EFD2E82B418A1E00735931 /* Resources */ = {
			isa = PBXResourcesBuildPhase;
			buildActionMask = 2147483647;
			files = (
			);
			runOnlyForDeploymentPostprocessing = 0;
		};
		87EFD2F22B418A1E00735931 /* Resources */ = {
			isa = PBXResourcesBuildPhase;
			buildActionMask = 2147483647;
			files = (
			);
			runOnlyForDeploymentPostprocessing = 0;
		};
/* End PBXResourcesBuildPhase section */

/* Begin PBXSourcesBuildPhase section */
		87EFD2D02B418A1C00735931 /* Sources */ = {
			isa = PBXSourcesBuildPhase;
			buildActionMask = 2147483647;
			files = (
				879E25712B8276D70065C4C6 /* UIBlockingProgressHUD.swift in Sources */,
				87EFD2DC2B418A1C00735931 /* ImagesListViewController.swift in Sources */,
				8734BA312B6FE99400764B71 /* OAuth2Servive.swift in Sources */,
				879E25762B8A9A730065C4C6 /* ProfileModels.swift in Sources */,
				87FB44142B4C14C700A8338B /* ImageListCell.swift in Sources */,
				8734BA382B70189600764B71 /* AuthViewControllerDelegate.swift in Sources */,
				8791DD0B2B5BEC4D003E8A0C /* ProfileViewController.swift in Sources */,
				8734BA2F2B6F92D600764B71 /* WebViewControllerDelegate.swift in Sources */,
				8734BA362B70113900764B71 /* SplashViewController.swift in Sources */,
				873C76382B6ED24A00B62A93 /* WebViewController.swift in Sources */,
				873C76312B6EA0E800B62A93 /* Constants.swift in Sources */,
				87B14C112B72CA8F00433B46 /* URL request + Extensions.swift in Sources */,
				873C76362B6EC93100B62A93 /* UIColor.swift in Sources */,
				873C76342B6EBEF200B62A93 /* AuthViewController.swift in Sources */,
				87B14C0F2B72C39800433B46 /* enum networkError.swift in Sources */,
				879E257B2B8BD8670065C4C6 /* ProfileImageService.swift in Sources */,
				879E25742B827FD00065C4C6 /* ProfileService.swift in Sources */,
				87EFD2D82B418A1C00735931 /* AppDelegate.swift in Sources */,
				87F6C8C22B93C538009C8531 /* URLSession extension.swift in Sources */,
				8788BDF22B62805400722EF5 /* SingleImageViewController.swift in Sources */,
				8734BA332B6FFDB900764B71 /* OAuth2TokenStorage.swift in Sources */,
				879E257D2B8BD9300065C4C6 /* ProfileImage Model.swift in Sources */,
				87EFD2DA2B418A1C00735931 /* SceneDelegate.swift in Sources */,
				87F6C8C52B94B67D009C8531 /* AlertPresenter.swift in Sources */,
			);
			runOnlyForDeploymentPostprocessing = 0;
		};
		87EFD2E62B418A1E00735931 /* Sources */ = {
			isa = PBXSourcesBuildPhase;
			buildActionMask = 2147483647;
			files = (
				87EFD2EF2B418A1E00735931 /* setupProjectTests.swift in Sources */,
			);
			runOnlyForDeploymentPostprocessing = 0;
		};
		87EFD2F02B418A1E00735931 /* Sources */ = {
			isa = PBXSourcesBuildPhase;
			buildActionMask = 2147483647;
			files = (
				87EFD2FB2B418A1E00735931 /* setupProjectUITestsLaunchTests.swift in Sources */,
				87EFD2F92B418A1E00735931 /* setupProjectUITests.swift in Sources */,
			);
			runOnlyForDeploymentPostprocessing = 0;
		};
/* End PBXSourcesBuildPhase section */

/* Begin PBXTargetDependency section */
		87EFD2EC2B418A1E00735931 /* PBXTargetDependency */ = {
			isa = PBXTargetDependency;
			target = 87EFD2D32B418A1C00735931 /* imageFeed */;
			targetProxy = 87EFD2EB2B418A1E00735931 /* PBXContainerItemProxy */;
		};
		87EFD2F62B418A1E00735931 /* PBXTargetDependency */ = {
			isa = PBXTargetDependency;
			target = 87EFD2D32B418A1C00735931 /* imageFeed */;
			targetProxy = 87EFD2F52B418A1E00735931 /* PBXContainerItemProxy */;
		};
/* End PBXTargetDependency section */

/* Begin PBXVariantGroup section */
		87EFD2DD2B418A1C00735931 /* Main.storyboard */ = {
			isa = PBXVariantGroup;
			children = (
				87EFD2DE2B418A1C00735931 /* Base */,
			);
			name = Main.storyboard;
			sourceTree = "<group>";
		};
		87EFD2E22B418A1D00735931 /* LaunchScreen.storyboard */ = {
			isa = PBXVariantGroup;
			children = (
				87EFD2E32B418A1D00735931 /* Base */,
			);
			name = LaunchScreen.storyboard;
			sourceTree = "<group>";
		};
/* End PBXVariantGroup section */

/* Begin XCBuildConfiguration section */
		87EFD2FC2B418A1E00735931 /* Debug */ = {
			isa = XCBuildConfiguration;
			buildSettings = {
				ALWAYS_SEARCH_USER_PATHS = NO;
				CLANG_ANALYZER_NONNULL = YES;
				CLANG_ANALYZER_NUMBER_OBJECT_CONVERSION = YES_AGGRESSIVE;
				CLANG_CXX_LANGUAGE_STANDARD = "gnu++20";
				CLANG_ENABLE_MODULES = YES;
				CLANG_ENABLE_OBJC_ARC = YES;
				CLANG_ENABLE_OBJC_WEAK = YES;
				CLANG_WARN_BLOCK_CAPTURE_AUTORELEASING = YES;
				CLANG_WARN_BOOL_CONVERSION = YES;
				CLANG_WARN_COMMA = YES;
				CLANG_WARN_CONSTANT_CONVERSION = YES;
				CLANG_WARN_DEPRECATED_OBJC_IMPLEMENTATIONS = YES;
				CLANG_WARN_DIRECT_OBJC_ISA_USAGE = YES_ERROR;
				CLANG_WARN_DOCUMENTATION_COMMENTS = YES;
				CLANG_WARN_EMPTY_BODY = YES;
				CLANG_WARN_ENUM_CONVERSION = YES;
				CLANG_WARN_INFINITE_RECURSION = YES;
				CLANG_WARN_INT_CONVERSION = YES;
				CLANG_WARN_NON_LITERAL_NULL_CONVERSION = YES;
				CLANG_WARN_OBJC_IMPLICIT_RETAIN_SELF = YES;
				CLANG_WARN_OBJC_LITERAL_CONVERSION = YES;
				CLANG_WARN_OBJC_ROOT_CLASS = YES_ERROR;
				CLANG_WARN_QUOTED_INCLUDE_IN_FRAMEWORK_HEADER = YES;
				CLANG_WARN_RANGE_LOOP_ANALYSIS = YES;
				CLANG_WARN_STRICT_PROTOTYPES = YES;
				CLANG_WARN_SUSPICIOUS_MOVE = YES;
				CLANG_WARN_UNGUARDED_AVAILABILITY = YES_AGGRESSIVE;
				CLANG_WARN_UNREACHABLE_CODE = YES;
				CLANG_WARN__DUPLICATE_METHOD_MATCH = YES;
				COPY_PHASE_STRIP = NO;
				DEBUG_INFORMATION_FORMAT = dwarf;
				ENABLE_STRICT_OBJC_MSGSEND = YES;
				ENABLE_TESTABILITY = YES;
				GCC_C_LANGUAGE_STANDARD = gnu11;
				GCC_DYNAMIC_NO_PIC = NO;
				GCC_NO_COMMON_BLOCKS = YES;
				GCC_OPTIMIZATION_LEVEL = 0;
				GCC_PREPROCESSOR_DEFINITIONS = (
					"DEBUG=1",
					"$(inherited)",
				);
				GCC_WARN_64_TO_32_BIT_CONVERSION = YES;
				GCC_WARN_ABOUT_RETURN_TYPE = YES_ERROR;
				GCC_WARN_UNDECLARED_SELECTOR = YES;
				GCC_WARN_UNINITIALIZED_AUTOS = YES_AGGRESSIVE;
				GCC_WARN_UNUSED_FUNCTION = YES;
				GCC_WARN_UNUSED_VARIABLE = YES;
				IPHONEOS_DEPLOYMENT_TARGET = 13.0;
				MTL_ENABLE_DEBUG_INFO = INCLUDE_SOURCE;
				MTL_FAST_MATH = YES;
				ONLY_ACTIVE_ARCH = YES;
				SDKROOT = iphoneos;
				SWIFT_ACTIVE_COMPILATION_CONDITIONS = DEBUG;
				SWIFT_OPTIMIZATION_LEVEL = "-Onone";
			};
			name = Debug;
		};
		87EFD2FD2B418A1E00735931 /* Release */ = {
			isa = XCBuildConfiguration;
			buildSettings = {
				ALWAYS_SEARCH_USER_PATHS = NO;
				CLANG_ANALYZER_NONNULL = YES;
				CLANG_ANALYZER_NUMBER_OBJECT_CONVERSION = YES_AGGRESSIVE;
				CLANG_CXX_LANGUAGE_STANDARD = "gnu++20";
				CLANG_ENABLE_MODULES = YES;
				CLANG_ENABLE_OBJC_ARC = YES;
				CLANG_ENABLE_OBJC_WEAK = YES;
				CLANG_WARN_BLOCK_CAPTURE_AUTORELEASING = YES;
				CLANG_WARN_BOOL_CONVERSION = YES;
				CLANG_WARN_COMMA = YES;
				CLANG_WARN_CONSTANT_CONVERSION = YES;
				CLANG_WARN_DEPRECATED_OBJC_IMPLEMENTATIONS = YES;
				CLANG_WARN_DIRECT_OBJC_ISA_USAGE = YES_ERROR;
				CLANG_WARN_DOCUMENTATION_COMMENTS = YES;
				CLANG_WARN_EMPTY_BODY = YES;
				CLANG_WARN_ENUM_CONVERSION = YES;
				CLANG_WARN_INFINITE_RECURSION = YES;
				CLANG_WARN_INT_CONVERSION = YES;
				CLANG_WARN_NON_LITERAL_NULL_CONVERSION = YES;
				CLANG_WARN_OBJC_IMPLICIT_RETAIN_SELF = YES;
				CLANG_WARN_OBJC_LITERAL_CONVERSION = YES;
				CLANG_WARN_OBJC_ROOT_CLASS = YES_ERROR;
				CLANG_WARN_QUOTED_INCLUDE_IN_FRAMEWORK_HEADER = YES;
				CLANG_WARN_RANGE_LOOP_ANALYSIS = YES;
				CLANG_WARN_STRICT_PROTOTYPES = YES;
				CLANG_WARN_SUSPICIOUS_MOVE = YES;
				CLANG_WARN_UNGUARDED_AVAILABILITY = YES_AGGRESSIVE;
				CLANG_WARN_UNREACHABLE_CODE = YES;
				CLANG_WARN__DUPLICATE_METHOD_MATCH = YES;
				COPY_PHASE_STRIP = NO;
				DEBUG_INFORMATION_FORMAT = "dwarf-with-dsym";
				ENABLE_NS_ASSERTIONS = NO;
				ENABLE_STRICT_OBJC_MSGSEND = YES;
				GCC_C_LANGUAGE_STANDARD = gnu11;
				GCC_NO_COMMON_BLOCKS = YES;
				GCC_WARN_64_TO_32_BIT_CONVERSION = YES;
				GCC_WARN_ABOUT_RETURN_TYPE = YES_ERROR;
				GCC_WARN_UNDECLARED_SELECTOR = YES;
				GCC_WARN_UNINITIALIZED_AUTOS = YES_AGGRESSIVE;
				GCC_WARN_UNUSED_FUNCTION = YES;
				GCC_WARN_UNUSED_VARIABLE = YES;
				IPHONEOS_DEPLOYMENT_TARGET = 13.0;
				MTL_ENABLE_DEBUG_INFO = NO;
				MTL_FAST_MATH = YES;
				SDKROOT = iphoneos;
				SWIFT_COMPILATION_MODE = wholemodule;
				SWIFT_OPTIMIZATION_LEVEL = "-O";
				VALIDATE_PRODUCT = YES;
			};
			name = Release;
		};
		87EFD2FF2B418A1E00735931 /* Debug */ = {
			isa = XCBuildConfiguration;
			buildSettings = {
				ASSETCATALOG_COMPILER_APPICON_NAME = AppIcon;
				ASSETCATALOG_COMPILER_GLOBAL_ACCENT_COLOR_NAME = AccentColor;
				CODE_SIGN_STYLE = Automatic;
				CURRENT_PROJECT_VERSION = 1;
				DEVELOPMENT_TEAM = 4ZCZ4F2W3F;
				GENERATE_INFOPLIST_FILE = YES;
				INFOPLIST_FILE = imageFeed/Info.plist;
				INFOPLIST_KEY_UIApplicationSupportsIndirectInputEvents = YES;
				INFOPLIST_KEY_UILaunchStoryboardName = LaunchScreen;
				INFOPLIST_KEY_UIMainStoryboardFile = Main;
				INFOPLIST_KEY_UIStatusBarStyle = "";
				INFOPLIST_KEY_UISupportedInterfaceOrientations = UIInterfaceOrientationPortrait;
				INFOPLIST_KEY_UISupportedInterfaceOrientations_iPad = "UIInterfaceOrientationLandscapeLeft UIInterfaceOrientationLandscapeRight UIInterfaceOrientationPortrait";
				IPHONEOS_DEPLOYMENT_TARGET = 13.0;
				LD_RUNPATH_SEARCH_PATHS = (
					"$(inherited)",
					"@executable_path/Frameworks",
				);
				MARKETING_VERSION = 1.0;
				PRODUCT_BUNDLE_IDENTIFIER = ru.drozdnik.ImageFeed;
				PRODUCT_NAME = "$(TARGET_NAME)";
				SUPPORTED_PLATFORMS = "iphoneos iphonesimulator";
				SUPPORTS_MACCATALYST = NO;
				SUPPORTS_MAC_DESIGNED_FOR_IPHONE_IPAD = NO;
				SWIFT_EMIT_LOC_STRINGS = YES;
				SWIFT_VERSION = 5.0;
				TARGETED_DEVICE_FAMILY = 1;
			};
			name = Debug;
		};
		87EFD3002B418A1E00735931 /* Release */ = {
			isa = XCBuildConfiguration;
			buildSettings = {
				ASSETCATALOG_COMPILER_APPICON_NAME = AppIcon;
				ASSETCATALOG_COMPILER_GLOBAL_ACCENT_COLOR_NAME = AccentColor;
				CODE_SIGN_STYLE = Automatic;
				CURRENT_PROJECT_VERSION = 1;
				DEVELOPMENT_TEAM = 4ZCZ4F2W3F;
				GENERATE_INFOPLIST_FILE = YES;
				INFOPLIST_FILE = imageFeed/Info.plist;
				INFOPLIST_KEY_UIApplicationSupportsIndirectInputEvents = YES;
				INFOPLIST_KEY_UILaunchStoryboardName = LaunchScreen;
				INFOPLIST_KEY_UIMainStoryboardFile = Main;
				INFOPLIST_KEY_UIStatusBarStyle = "";
				INFOPLIST_KEY_UISupportedInterfaceOrientations = UIInterfaceOrientationPortrait;
				INFOPLIST_KEY_UISupportedInterfaceOrientations_iPad = "UIInterfaceOrientationLandscapeLeft UIInterfaceOrientationLandscapeRight UIInterfaceOrientationPortrait";
				IPHONEOS_DEPLOYMENT_TARGET = 13.0;
				LD_RUNPATH_SEARCH_PATHS = (
					"$(inherited)",
					"@executable_path/Frameworks",
				);
				MARKETING_VERSION = 1.0;
				PRODUCT_BUNDLE_IDENTIFIER = ru.drozdnik.ImageFeed;
				PRODUCT_NAME = "$(TARGET_NAME)";
				SUPPORTED_PLATFORMS = "iphoneos iphonesimulator";
				SUPPORTS_MACCATALYST = NO;
				SUPPORTS_MAC_DESIGNED_FOR_IPHONE_IPAD = NO;
				SWIFT_EMIT_LOC_STRINGS = YES;
				SWIFT_VERSION = 5.0;
				TARGETED_DEVICE_FAMILY = 1;
			};
			name = Release;
		};
		87EFD3022B418A1E00735931 /* Debug */ = {
			isa = XCBuildConfiguration;
			buildSettings = {
				ALWAYS_EMBED_SWIFT_STANDARD_LIBRARIES = YES;
				BUNDLE_LOADER = "$(TEST_HOST)";
				CODE_SIGN_STYLE = Automatic;
				CURRENT_PROJECT_VERSION = 1;
				DEVELOPMENT_TEAM = 4ZCZ4F2W3F;
				GENERATE_INFOPLIST_FILE = YES;
				IPHONEOS_DEPLOYMENT_TARGET = 16.4;
				MARKETING_VERSION = 1.0;
				PRODUCT_BUNDLE_IDENTIFIER = ru.drozdnik.setupProjectTests;
				PRODUCT_NAME = "$(TARGET_NAME)";
				SWIFT_EMIT_LOC_STRINGS = NO;
				SWIFT_VERSION = 5.0;
				TARGETED_DEVICE_FAMILY = "1,2";
				TEST_HOST = "$(BUILT_PRODUCTS_DIR)/imageFeed.app/$(BUNDLE_EXECUTABLE_FOLDER_PATH)/imageFeed";
			};
			name = Debug;
		};
		87EFD3032B418A1E00735931 /* Release */ = {
			isa = XCBuildConfiguration;
			buildSettings = {
				ALWAYS_EMBED_SWIFT_STANDARD_LIBRARIES = YES;
				BUNDLE_LOADER = "$(TEST_HOST)";
				CODE_SIGN_STYLE = Automatic;
				CURRENT_PROJECT_VERSION = 1;
				DEVELOPMENT_TEAM = 4ZCZ4F2W3F;
				GENERATE_INFOPLIST_FILE = YES;
				IPHONEOS_DEPLOYMENT_TARGET = 16.4;
				MARKETING_VERSION = 1.0;
				PRODUCT_BUNDLE_IDENTIFIER = ru.drozdnik.setupProjectTests;
				PRODUCT_NAME = "$(TARGET_NAME)";
				SWIFT_EMIT_LOC_STRINGS = NO;
				SWIFT_VERSION = 5.0;
				TARGETED_DEVICE_FAMILY = "1,2";
				TEST_HOST = "$(BUILT_PRODUCTS_DIR)/imageFeed.app/$(BUNDLE_EXECUTABLE_FOLDER_PATH)/imageFeed";
			};
			name = Release;
		};
		87EFD3052B418A1E00735931 /* Debug */ = {
			isa = XCBuildConfiguration;
			buildSettings = {
				ALWAYS_EMBED_SWIFT_STANDARD_LIBRARIES = YES;
				CODE_SIGN_STYLE = Automatic;
				CURRENT_PROJECT_VERSION = 1;
				DEVELOPMENT_TEAM = 4ZCZ4F2W3F;
				GENERATE_INFOPLIST_FILE = YES;
				MARKETING_VERSION = 1.0;
				PRODUCT_BUNDLE_IDENTIFIER = ru.drozdnik.setupProjectUITests;
				PRODUCT_NAME = "$(TARGET_NAME)";
				SWIFT_EMIT_LOC_STRINGS = NO;
				SWIFT_VERSION = 5.0;
				TARGETED_DEVICE_FAMILY = "1,2";
				TEST_TARGET_NAME = setupProject;
			};
			name = Debug;
		};
		87EFD3062B418A1E00735931 /* Release */ = {
			isa = XCBuildConfiguration;
			buildSettings = {
				ALWAYS_EMBED_SWIFT_STANDARD_LIBRARIES = YES;
				CODE_SIGN_STYLE = Automatic;
				CURRENT_PROJECT_VERSION = 1;
				DEVELOPMENT_TEAM = 4ZCZ4F2W3F;
				GENERATE_INFOPLIST_FILE = YES;
				MARKETING_VERSION = 1.0;
				PRODUCT_BUNDLE_IDENTIFIER = ru.drozdnik.setupProjectUITests;
				PRODUCT_NAME = "$(TARGET_NAME)";
				SWIFT_EMIT_LOC_STRINGS = NO;
				SWIFT_VERSION = 5.0;
				TARGETED_DEVICE_FAMILY = "1,2";
				TEST_TARGET_NAME = setupProject;
			};
			name = Release;
		};
/* End XCBuildConfiguration section */

/* Begin XCConfigurationList section */
		87EFD2CF2B418A1C00735931 /* Build configuration list for PBXProject "imageFeed" */ = {
			isa = XCConfigurationList;
			buildConfigurations = (
				87EFD2FC2B418A1E00735931 /* Debug */,
				87EFD2FD2B418A1E00735931 /* Release */,
			);
			defaultConfigurationIsVisible = 0;
			defaultConfigurationName = Release;
		};
		87EFD2FE2B418A1E00735931 /* Build configuration list for PBXNativeTarget "imageFeed" */ = {
			isa = XCConfigurationList;
			buildConfigurations = (
				87EFD2FF2B418A1E00735931 /* Debug */,
				87EFD3002B418A1E00735931 /* Release */,
			);
			defaultConfigurationIsVisible = 0;
			defaultConfigurationName = Release;
		};
		87EFD3012B418A1E00735931 /* Build configuration list for PBXNativeTarget "imageFeedTests" */ = {
			isa = XCConfigurationList;
			buildConfigurations = (
				87EFD3022B418A1E00735931 /* Debug */,
				87EFD3032B418A1E00735931 /* Release */,
			);
			defaultConfigurationIsVisible = 0;
			defaultConfigurationName = Release;
		};
		87EFD3042B418A1E00735931 /* Build configuration list for PBXNativeTarget "imageFeedUITests" */ = {
			isa = XCConfigurationList;
			buildConfigurations = (
				87EFD3052B418A1E00735931 /* Debug */,
				87EFD3062B418A1E00735931 /* Release */,
			);
			defaultConfigurationIsVisible = 0;
			defaultConfigurationName = Release;
		};
/* End XCConfigurationList section */

/* Begin XCRemoteSwiftPackageReference section */
		879E256D2B7FCEEA0065C4C6 /* XCRemoteSwiftPackageReference "ProgressHUD" */ = {
			isa = XCRemoteSwiftPackageReference;
			repositoryURL = "https://github.com/relatedcode/ProgressHUD";
			requirement = {
				kind = exactVersion;
				version = 13.8.6;
			};
		};
/* End XCRemoteSwiftPackageReference section */

/* Begin XCSwiftPackageProductDependency section */
		879E256E2B7FCEEA0065C4C6 /* ProgressHUD */ = {
			isa = XCSwiftPackageProductDependency;
			package = 879E256D2B7FCEEA0065C4C6 /* XCRemoteSwiftPackageReference "ProgressHUD" */;
			productName = ProgressHUD;
		};
/* End XCSwiftPackageProductDependency section */
	};
	rootObject = 87EFD2CC2B418A1C00735931 /* Project object */;
}
